
Microsoft Visual Studio Solution File, Format Version 12.00
# Visual Studio 15
VisualStudioVersion = 15.0.27130.2024
MinimumVisualStudioVersion = 10.0.40219.1
Project("{FAE04EC0-301F-11D3-BF4B-00C04F79EFBC}") = "AveoAudio", "AveoAudio\AveoAudio.csproj", "{17DA0706-CC9F-43D4-9153-2F40B145A930}"
EndProject
Global
	GlobalSection(SolutionConfigurationPlatforms) = preSolution
		Debug|ARM = Debug|ARM
		Debug|x64 = Debug|x64
		Debug|x86 = Debug|x86
		Release|ARM = Release|ARM
		Release|x64 = Release|x64
		Release|x86 = Release|x86
	EndGlobalSection
	GlobalSection(ProjectConfigurationPlatforms) = postSolution
		{17DA0706-CC9F-43D4-9153-2F40B145A930}.Debug|ARM.ActiveCfg = Debug|ARM
		{17DA0706-CC9F-43D4-9153-2F40B145A930}.Debug|ARM.Build.0 = Debug|ARM
		{17DA0706-CC9F-43D4-9153-2F40B145A930}.Debug|ARM.Deploy.0 = Debug|ARM
		{17DA0706-CC9F-43D4-9153-2F40B145A930}.Debug|x64.ActiveCfg = Debug|x64
		{17DA0706-CC9F-43D4-9153-2F40B145A930}.Debug|x64.Build.0 = Debug|x64
		{17DA0706-CC9F-43D4-9153-2F40B145A930}.Debug|x64.Deploy.0 = Debug|x64
		{17DA0706-CC9F-43D4-9153-2F40B145A930}.Debug|x86.ActiveCfg = Debug|x86
		{17DA0706-CC9F-43D4-9153-2F40B145A930}.Debug|x86.Build.0 = Debug|x86
		{17DA0706-CC9F-43D4-9153-2F40B145A930}.Debug|x86.Deploy.0 = Debug|x86
		{17DA0706-CC9F-43D4-9153-2F40B145A930}.Release|ARM.ActiveCfg = Release|ARM
		{17DA0706-CC9F-43D4-9153-2F40B145A930}.Release|ARM.Build.0 = Release|ARM
		{17DA0706-CC9F-43D4-9153-2F40B145A930}.Release|ARM.Deploy.0 = Release|ARM
		{17DA0706-CC9F-43D4-9153-2F40B145A930}.Release|x64.ActiveCfg = Release|x64
		{17DA0706-CC9F-43D4-9153-2F40B145A930}.Release|x64.Build.0 = Release|x64
		{17DA0706-CC9F-43D4-9153-2F40B145A930}.Release|x64.Deploy.0 = Release|x64
		{17DA0706-CC9F-43D4-9153-2F40B145A930}.Release|x86.ActiveCfg = Release|x86
		{17DA0706-CC9F-43D4-9153-2F40B145A930}.Release|x86.Build.0 = Release|x86
		{17DA0706-CC9F-43D4-9153-2F40B145A930}.Release|x86.Deploy.0 = Release|x86
	EndGlobalSection
	GlobalSection(SolutionProperties) = preSolution
		HideSolutionNode = FALSE
	EndGlobalSection
	GlobalSection(ExtensibilityGlobals) = postSolution
		SolutionGuid = {BB4B7AA3-42BA-43AD-867F-5A40C21F4324}
	EndGlobalSection
EndGlobal
